
Microsoft Visual Studio Solution File, Format Version 12.00
# Visual Studio Version 17
VisualStudioVersion = 17.6.33829.357
MinimumVisualStudioVersion = 10.0.40219.1
Project("{FAE04EC0-301F-11D3-BF4B-00C04F79EFBC}") = "DICEGAME", "DICEGAME\DICEGAME.csproj", "{C0265E65-E218-462B-993A-73AFAAEE69E4}"
EndProject
Global
	GlobalSection(SolutionConfigurationPlatforms) = preSolution
		Debug|Any CPU = Debug|Any CPU
		Release|Any CPU = Release|Any CPU
	EndGlobalSection
	GlobalSection(ProjectConfigurationPlatforms) = postSolution
		{C0265E65-E218-462B-993A-73AFAAEE69E4}.Debug|Any CPU.ActiveCfg = Debug|Any CPU
		{C0265E65-E218-462B-993A-73AFAAEE69E4}.Debug|Any CPU.Build.0 = Debug|Any CPU
		{C0265E65-E218-462B-993A-73AFAAEE69E4}.Release|Any CPU.ActiveCfg = Release|Any CPU
		{C0265E65-E218-462B-993A-73AFAAEE69E4}.Release|Any CPU.Build.0 = Release|Any CPU
	EndGlobalSection
	GlobalSection(SolutionProperties) = preSolution
		HideSolutionNode = FALSE
	EndGlobalSection
	GlobalSection(ExtensibilityGlobals) = postSolution
		SolutionGuid = {6D3330ED-7A8E-4862-98BA-723966D95B7E}
	EndGlobalSection
EndGlobal
