
Microsoft Visual Studio Solution File, Format Version 12.00
# Visual Studio Version 17
VisualStudioVersion = 17.6.33829.357
MinimumVisualStudioVersion = 10.0.40219.1
Project("{FAE04EC0-301F-11D3-BF4B-00C04F79EFBC}") = "WindowsFormsApp0608zar", "WindowsFormsApp0608zar\WindowsFormsApp0608zar.csproj", "{5AD16589-B548-450F-9A9A-ED186F36C772}"
EndProject
Global
	GlobalSection(SolutionConfigurationPlatforms) = preSolution
		Debug|Any CPU = Debug|Any CPU
		Release|Any CPU = Release|Any CPU
	EndGlobalSection
	GlobalSection(ProjectConfigurationPlatforms) = postSolution
		{5AD16589-B548-450F-9A9A-ED186F36C772}.Debug|Any CPU.ActiveCfg = Debug|Any CPU
		{5AD16589-B548-450F-9A9A-ED186F36C772}.Debug|Any CPU.Build.0 = Debug|Any CPU
		{5AD16589-B548-450F-9A9A-ED186F36C772}.Release|Any CPU.ActiveCfg = Release|Any CPU
		{5AD16589-B548-450F-9A9A-ED186F36C772}.Release|Any CPU.Build.0 = Release|Any CPU
	EndGlobalSection
	GlobalSection(SolutionProperties) = preSolution
		HideSolutionNode = FALSE
	EndGlobalSection
	GlobalSection(ExtensibilityGlobals) = postSolution
		SolutionGuid = {F7F68F43-F079-464E-B04B-E8CD729CB4F2}
	EndGlobalSection
EndGlobal
